# This file was autogenerated by Stack.
# You should not edit this file by hand.
# For more information, please see the documentation at:
#   https://docs.haskellstack.org/en/stable/lock_files

packages:
- completed:
    subdir: packages/safe-tensor
    name: safe-tensor
    version: 0.2.1.0
    git: https://github.com/nilsalex/safe-tensor.git
    pantry-tree:
      size: 1576
      sha256: a93c57df13795841457a4e22cb25b2056843f5f0dc8e207664ab70cc5056ba0e
    commit: c5563276952f690224d484a1b73e6e96f315911e
  original:
    subdir: packages/safe-tensor
    git: https://github.com/nilsalex/safe-tensor.git
    commit: c5563276952f690224d484a1b73e6e96f315911e
snapshots:
- completed:
    size: 512195
    url: https://raw.githubusercontent.com/commercialhaskell/stackage-snapshots/master/nightly/2020/7/19.yaml
    sha256: c5ab758fbac270898400c61189919841d0c6755bff153a651311fca69d906d23
  original: nightly-2020-07-19
