# This file was autogenerated by Stack.
# You should not edit this file by hand.
# For more information, please see the documentation at:
#   https://docs.haskellstack.org/en/stable/lock_files

packages: []
snapshots:
- completed:
    size: 512195
    url: https://raw.githubusercontent.com/commercialhaskell/stackage-snapshots/master/nightly/2020/7/19.yaml
    sha256: c5ab758fbac270898400c61189919841d0c6755bff153a651311fca69d906d23
  original: nightly-2020-07-19
