# This file was autogenerated by Stack.
# You should not edit this file by hand.
# For more information, please see the documentation at:
#   https://docs.haskellstack.org/en/stable/lock_files

packages: []
snapshots:
- completed:
    size: 531280
    url: https://raw.githubusercontent.com/commercialhaskell/stackage-snapshots/master/nightly/2020/9/16.yaml
    sha256: cab814521b1514f75dc37be21ba24a680d12200ac02928a4038a827b4f474ae9
  original: nightly-2020-09-16
