# This file was autogenerated by Stack.
# You should not edit this file by hand.
# For more information, please see the documentation at:
#   https://docs.haskellstack.org/en/stable/lock_files

packages:
- completed:
    subdir: package
    name: sparse-tensor
    version: '0.3'
    git: https://github.com/nilsalex/sparse-tensor.git
    pantry-tree:
      size: 1358
      sha256: 17ea4cc17b26328d071eafd6135f1cd0bceb7702f05cae12f804eebe48f5f95d
    commit: 6e1dbc8194c00e1a4aa29e86e65284740e8ace85
  original:
    subdir: package
    git: https://github.com/nilsalex/sparse-tensor.git
    commit: 6e1dbc8194c00e1a4aa29e86e65284740e8ace85
- completed:
    subdir: packages/safe-tensor
    name: safe-tensor
    version: 0.2.1.0
    git: https://github.com/nilsalex/safe-tensor.git
    pantry-tree:
      size: 1576
      sha256: a93c57df13795841457a4e22cb25b2056843f5f0dc8e207664ab70cc5056ba0e
    commit: e91e0c048650749053369dec8e6ab31628edd81d
  original:
    subdir: packages/safe-tensor
    git: https://github.com/nilsalex/safe-tensor.git
    commit: e91e0c048650749053369dec8e6ab31628edd81d
- completed:
    subdir: packages/safe-tensor-sparse-tensor-compat
    name: safe-tensor-sparse-tensor-compat
    version: 0.1.0.0
    git: https://github.com/nilsalex/safe-tensor.git
    pantry-tree:
      size: 691
      sha256: 12d1c7eb33b708a238c83fcb4561e6643b3b528e66da5929236f7c66b84eba59
    commit: e91e0c048650749053369dec8e6ab31628edd81d
  original:
    subdir: packages/safe-tensor-sparse-tensor-compat
    git: https://github.com/nilsalex/safe-tensor.git
    commit: e91e0c048650749053369dec8e6ab31628edd81d
snapshots:
- completed:
    size: 512195
    url: https://raw.githubusercontent.com/commercialhaskell/stackage-snapshots/master/nightly/2020/7/19.yaml
    sha256: c5ab758fbac270898400c61189919841d0c6755bff153a651311fca69d906d23
  original: nightly-2020-07-19
