# This file was autogenerated by Stack.
# You should not edit this file by hand.
# For more information, please see the documentation at:
#   https://docs.haskellstack.org/en/stable/lock_files

packages:
- completed:
    subdir: package
    cabal-file:
      size: 3313
      sha256: 6e1f193d688667120387433526418b49ace776afd7403b2bafaed40a2a5f1e01
    name: sparse-tensor
    version: '0.3'
    git: https://github.com/nilsalex/sparse-tensor.git
    pantry-tree:
      size: 1358
      sha256: a70fa01036d8ab0af7d8d201aa3e4c46691e4dfb57c2b55c916f73eb6f338226
    commit: 6a02cd9907832627c9d76595a20753f41164a766
  original:
    subdir: package
    git: https://github.com/nilsalex/sparse-tensor.git
    commit: 6a02cd9907832627c9d76595a20753f41164a766
snapshots:
- completed:
    size: 434661
    url: https://raw.githubusercontent.com/commercialhaskell/stackage-snapshots/master/nightly/2019/11/29.yaml
    sha256: 9edba401b588c0b8359262043b51f0bd33e2334802f0a1467eb660a23601eaf6
  original: nightly-2019-11-29
